
Microsoft Visual Studio Solution File, Format Version 12.00
# Visual Studio 2013
VisualStudioVersion = 12.0.31101.0
MinimumVisualStudioVersion = 10.0.40219.1
Project("{FAE04EC0-301F-11D3-BF4B-00C04F79EFBC}") = "SudokuLibrary", "SudokuLibrary\SudokuLibrary.csproj", "{D67076F8-4BFC-42F2-A308-F177268E0108}"
EndProject
Project("{FAE04EC0-301F-11D3-BF4B-00C04F79EFBC}") = "SudokuCLISolver", "SudokuCLISolver\SudokuCLISolver.csproj", "{3886B944-1FD6-455A-9A24-DAB7D5367612}"
EndProject
Global
	GlobalSection(SolutionConfigurationPlatforms) = preSolution
		Debug|Any CPU = Debug|Any CPU
		Release|Any CPU = Release|Any CPU
	EndGlobalSection
	GlobalSection(ProjectConfigurationPlatforms) = postSolution
		{D67076F8-4BFC-42F2-A308-F177268E0108}.Debug|Any CPU.ActiveCfg = Debug|Any CPU
		{D67076F8-4BFC-42F2-A308-F177268E0108}.Debug|Any CPU.Build.0 = Debug|Any CPU
		{D67076F8-4BFC-42F2-A308-F177268E0108}.Release|Any CPU.ActiveCfg = Release|Any CPU
		{D67076F8-4BFC-42F2-A308-F177268E0108}.Release|Any CPU.Build.0 = Release|Any CPU
		{3886B944-1FD6-455A-9A24-DAB7D5367612}.Debug|Any CPU.ActiveCfg = Debug|Any CPU
		{3886B944-1FD6-455A-9A24-DAB7D5367612}.Debug|Any CPU.Build.0 = Debug|Any CPU
		{3886B944-1FD6-455A-9A24-DAB7D5367612}.Release|Any CPU.ActiveCfg = Release|Any CPU
		{3886B944-1FD6-455A-9A24-DAB7D5367612}.Release|Any CPU.Build.0 = Release|Any CPU
	EndGlobalSection
	GlobalSection(SolutionProperties) = preSolution
		HideSolutionNode = FALSE
	EndGlobalSection
EndGlobal
